
Microsoft Visual Studio Solution File, Format Version 12.00
# Visual Studio 15
VisualStudioVersion = 15.0.27004.2009
MinimumVisualStudioVersion = 10.0.40219.1
Project("{FAE04EC0-301F-11D3-BF4B-00C04F79EFBC}") = "PersonProject", "PersonProject\PersonProject.csproj", "{89B88958-52EC-490B-8AF1-63AA0B677FF6}"
EndProject
Project("{FAE04EC0-301F-11D3-BF4B-00C04F79EFBC}") = "ClassLibrary", "ClassLibrary\ClassLibrary.csproj", "{026AC770-759C-497E-AA6F-F7CF2A5233A1}"
EndProject
Global
	GlobalSection(SolutionConfigurationPlatforms) = preSolution
		Debug|Any CPU = Debug|Any CPU
		Release|Any CPU = Release|Any CPU
	EndGlobalSection
	GlobalSection(ProjectConfigurationPlatforms) = postSolution
		{89B88958-52EC-490B-8AF1-63AA0B677FF6}.Debug|Any CPU.ActiveCfg = Debug|Any CPU
		{89B88958-52EC-490B-8AF1-63AA0B677FF6}.Debug|Any CPU.Build.0 = Debug|Any CPU
		{89B88958-52EC-490B-8AF1-63AA0B677FF6}.Release|Any CPU.ActiveCfg = Release|Any CPU
		{89B88958-52EC-490B-8AF1-63AA0B677FF6}.Release|Any CPU.Build.0 = Release|Any CPU
		{026AC770-759C-497E-AA6F-F7CF2A5233A1}.Debug|Any CPU.ActiveCfg = Debug|Any CPU
		{026AC770-759C-497E-AA6F-F7CF2A5233A1}.Debug|Any CPU.Build.0 = Debug|Any CPU
		{026AC770-759C-497E-AA6F-F7CF2A5233A1}.Release|Any CPU.ActiveCfg = Release|Any CPU
		{026AC770-759C-497E-AA6F-F7CF2A5233A1}.Release|Any CPU.Build.0 = Release|Any CPU
	EndGlobalSection
	GlobalSection(SolutionProperties) = preSolution
		HideSolutionNode = FALSE
	EndGlobalSection
	GlobalSection(ExtensibilityGlobals) = postSolution
		SolutionGuid = {DF9472BE-D3EC-4058-900F-3D4FD64AF1CE}
	EndGlobalSection
EndGlobal
